
Microsoft Visual Studio Solution File, Format Version 12.00
Project("{FAE04EC0-301F-11D3-BF4B-00C04F79EFBC}") = "Regex", "Regex\Regex.csproj", "{F0C8BA36-7983-4060-B084-5C6740368D96}"
EndProject
Project("{FAE04EC0-301F-11D3-BF4B-00C04F79EFBC}") = "Hash", "Hash\Hash.csproj", "{A4E88C15-7A18-45B5-A479-7DC6F76F50A8}"
EndProject
Global
	GlobalSection(SolutionConfigurationPlatforms) = preSolution
		Debug|Any CPU = Debug|Any CPU
		Release|Any CPU = Release|Any CPU
	EndGlobalSection
	GlobalSection(ProjectConfigurationPlatforms) = postSolution
		{F0C8BA36-7983-4060-B084-5C6740368D96}.Debug|Any CPU.ActiveCfg = Debug|Any CPU
		{F0C8BA36-7983-4060-B084-5C6740368D96}.Debug|Any CPU.Build.0 = Debug|Any CPU
		{F0C8BA36-7983-4060-B084-5C6740368D96}.Release|Any CPU.ActiveCfg = Release|Any CPU
		{F0C8BA36-7983-4060-B084-5C6740368D96}.Release|Any CPU.Build.0 = Release|Any CPU
		{A4E88C15-7A18-45B5-A479-7DC6F76F50A8}.Debug|Any CPU.ActiveCfg = Debug|Any CPU
		{A4E88C15-7A18-45B5-A479-7DC6F76F50A8}.Debug|Any CPU.Build.0 = Debug|Any CPU
		{A4E88C15-7A18-45B5-A479-7DC6F76F50A8}.Release|Any CPU.ActiveCfg = Release|Any CPU
		{A4E88C15-7A18-45B5-A479-7DC6F76F50A8}.Release|Any CPU.Build.0 = Release|Any CPU
	EndGlobalSection
EndGlobal
